<?xml version="1.0" encoding="utf-8"?>
<Project ToolsVersion="4.0" xmlns="http://schemas.microsoft.com/developer/msbuild/2003">
  <ItemGroup>
    <Filter Include="Kernel">
      <UniqueIdentifier>{14482d81-33c8-459e-b15c-9f76697ded99}</UniqueIdentifier>
    </Filter>
    <Filter Include="3DNow!">
      <UniqueIdentifier>{f348a41f-74fa-42c6-98d4-75ccec922566}</UniqueIdentifier>
    </Filter>
    <Filter Include="SSE">
      <UniqueIdentifier>{784700f4-f1a3-4559-91d7-bd5d68bd32db}</UniqueIdentifier>
    </Filter>
    <Filter Include="Generic FPU">
      <UniqueIdentifier>{f6d9ba46-8dfa-4fcc-b7b9-0e16ee7e26cc}</UniqueIdentifier>
    </Filter>
  </ItemGroup>
  <ItemGroup>
    <ClCompile Include="StdAfx.cpp">
      <Filter>Kernel</Filter>
    </ClCompile>
    <ClCompile Include="xrCPU_Pipe.cpp">
      <Filter>Kernel</Filter>
    </ClCompile>
    <ClCompile Include="3DNow!Lib.cpp">
      <Filter>3DNow!</Filter>
    </ClCompile>
    <ClCompile Include="xrBoneLerp_3DNow!.cpp">
      <Filter>3DNow!</Filter>
    </ClCompile>
    <ClCompile Include="xrM44mul_3DNow!.cpp">
      <Filter>3DNow!</Filter>
    </ClCompile>
    <ClCompile Include="xrSkin1W_3DNow!.cpp">
      <Filter>3DNow!</Filter>
    </ClCompile>
    <ClCompile Include="xrSkin1W_SSE.cpp">
      <Filter>SSE</Filter>
    </ClCompile>
    <ClCompile Include="xrBoneLerp.cpp">
      <Filter>Generic FPU</Filter>
    </ClCompile>
    <ClCompile Include="xrM44mul.cpp">
      <Filter>Generic FPU</Filter>
    </ClCompile>
    <ClCompile Include="xrQuatSlerp.cpp">
      <Filter>Generic FPU</Filter>
    </ClCompile>
    <ClCompile Include="xrSkin1W.cpp">
      <Filter>Generic FPU</Filter>
    </ClCompile>
    <ClCompile Include="xrTransfer.cpp">
      <Filter>Generic FPU</Filter>
    </ClCompile>
  </ItemGroup>
  <ItemGroup>
    <ClInclude Include="StdAfx.h">
      <Filter>Kernel</Filter>
    </ClInclude>
    <ClInclude Include="xrCPU_Pipe.h">
      <Filter>Kernel</Filter>
    </ClInclude>
  </ItemGroup>
</Project>