<?xml version="1.0" encoding="utf-8"?>
<Project ToolsVersion="4.0" xmlns="http://schemas.microsoft.com/developer/msbuild/2003">
  <ItemGroup>
    <Filter Include="Source Files">
      <UniqueIdentifier>{4FC737F1-C7A5-4376-A066-2A32D752A2FF}</UniqueIdentifier>
      <Extensions>cpp;c;cc;cxx;def;odl;idl;hpj;bat;asm;asmx</Extensions>
    </Filter>
    <Filter Include="Header Files">
      <UniqueIdentifier>{93995380-89BD-4b04-88EB-625FBE52EBFB}</UniqueIdentifier>
      <Extensions>h;hh;hpp;hxx;hm;inl;inc;xsd</Extensions>
    </Filter>
    <Filter Include="Resource Files">
      <UniqueIdentifier>{67DA6AB6-F800-4c08-8B7A-83BB121AAD01}</UniqueIdentifier>
      <Extensions>rc;ico;cur;bmp;dlg;rc2;rct;bin;rgs;gif;jpg;jpeg;jpe;resx;tiff;tif;png;wav</Extensions>
    </Filter>
  </ItemGroup>
  <ItemGroup>
    <ClCompile Include="clsid.cpp">
      <Filter>Source Files</Filter>
    </ClCompile>
    <ClCompile Include="cl_collector.cpp">
      <Filter>Source Files</Filter>
    </ClCompile>
    <ClCompile Include="compiler.cpp">
      <Filter>Source Files</Filter>
    </ClCompile>
    <ClCompile Include="compiler_build.cpp">
      <Filter>Source Files</Filter>
    </ClCompile>
    <ClCompile Include="compiler_cover.cpp">
      <Filter>Source Files</Filter>
    </ClCompile>
    <ClCompile Include="compiler_display.cpp">
      <Filter>Source Files</Filter>
    </ClCompile>
    <ClCompile Include="compiler_light.cpp">
      <Filter>Source Files</Filter>
    </ClCompile>
    <ClCompile Include="compiler_link.cpp">
      <Filter>Source Files</Filter>
    </ClCompile>
    <ClCompile Include="compiler_load.cpp">
      <Filter>Source Files</Filter>
    </ClCompile>
    <ClCompile Include="compiler_merge.cpp">
      <Filter>Source Files</Filter>
    </ClCompile>
    <ClCompile Include="compiler_save.cpp">
      <Filter>Source Files</Filter>
    </ClCompile>
    <ClCompile Include="compiler_smooth.cpp">
      <Filter>Source Files</Filter>
    </ClCompile>
    <ClCompile Include="cpuid.cpp">
      <Filter>Source Files</Filter>
    </ClCompile>
    <ClCompile Include="DebugKernel.cpp">
      <Filter>Source Files</Filter>
    </ClCompile>
    <ClCompile Include="fmesh.cpp">
      <Filter>Source Files</Filter>
    </ClCompile>
    <ClCompile Include="FS.cpp">
      <Filter>Source Files</Filter>
    </ClCompile>
    <ClCompile Include="Image.cpp">
      <Filter>Source Files</Filter>
    </ClCompile>
    <ClCompile Include="log.cpp">
      <Filter>Source Files</Filter>
    </ClCompile>
    <ClCompile Include="LzHuf.cpp">
      <Filter>Source Files</Filter>
    </ClCompile>
    <ClCompile Include="motion_simulator.cpp">
      <Filter>Source Files</Filter>
    </ClCompile>
    <ClCompile Include="StdAfx.cpp">
      <Filter>Source Files</Filter>
    </ClCompile>
    <ClCompile Include="tga.cpp">
      <Filter>Source Files</Filter>
    </ClCompile>
    <ClCompile Include="xrAI.cpp">
      <Filter>Source Files</Filter>
    </ClCompile>
    <ClCompile Include="xrLoadSurface.cpp">
      <Filter>Source Files</Filter>
    </ClCompile>
    <ClCompile Include="xrServer.cpp">
      <Filter>Source Files</Filter>
    </ClCompile>
    <ClCompile Include="xrServer_Entities.cpp">
      <Filter>Source Files</Filter>
    </ClCompile>
    <ClCompile Include="xrThread.cpp">
      <Filter>Source Files</Filter>
    </ClCompile>
    <ClCompile Include="Xr_ini.cpp">
      <Filter>Source Files</Filter>
    </ClCompile>
    <ClCompile Include="xr_tokens.cpp">
      <Filter>Source Files</Filter>
    </ClCompile>
    <ClCompile Include="xr_trims.cpp">
      <Filter>Source Files</Filter>
    </ClCompile>
    <ClCompile Include="_buildnodes_view.cpp">
      <Filter>Source Files</Filter>
    </ClCompile>
    <ClCompile Include="_compressed_normal.cpp">
      <Filter>Source Files</Filter>
    </ClCompile>
    <ClCompile Include="_math.cpp">
      <Filter>Source Files</Filter>
    </ClCompile>
    <ClCompile Include="_quaternion.cpp">
      <Filter>Source Files</Filter>
    </ClCompile>
    <ClCompile Include="_sphere.cpp">
      <Filter>Source Files</Filter>
    </ClCompile>
  </ItemGroup>
  <ItemGroup>
    <ClInclude Include="AI_Console.h">
      <Filter>Header Files</Filter>
    </ClInclude>
    <ClInclude Include="AI_Space.h">
      <Filter>Header Files</Filter>
    </ClInclude>
    <ClInclude Include="bone.h">
      <Filter>Header Files</Filter>
    </ClInclude>
    <ClInclude Include="clsid.h">
      <Filter>Header Files</Filter>
    </ClInclude>
    <ClInclude Include="cl_collector.h">
      <Filter>Header Files</Filter>
    </ClInclude>
    <ClInclude Include="cl_intersect.h">
      <Filter>Header Files</Filter>
    </ClInclude>
    <ClInclude Include="communicate.h">
      <Filter>Header Files</Filter>
    </ClInclude>
    <ClInclude Include="compiler.h">
      <Filter>Header Files</Filter>
    </ClInclude>
    <ClInclude Include="cpuid.h">
      <Filter>Header Files</Filter>
    </ClInclude>
    <ClInclude Include="DebugKernel.h">
      <Filter>Header Files</Filter>
    </ClInclude>
    <ClInclude Include="defines.h">
      <Filter>Header Files</Filter>
    </ClInclude>
    <ClInclude Include="FixedVector.h">
      <Filter>Header Files</Filter>
    </ClInclude>
    <ClInclude Include="Fmesh.h">
      <Filter>Header Files</Filter>
    </ClInclude>
    <ClInclude Include="FreeImage.h">
      <Filter>Header Files</Filter>
    </ClInclude>
    <ClInclude Include="FS.h">
      <Filter>Header Files</Filter>
    </ClInclude>
    <ClInclude Include="FTimer.h">
      <Filter>Header Files</Filter>
    </ClInclude>
    <ClInclude Include="Group.h">
      <Filter>Header Files</Filter>
    </ClInclude>
    <ClInclude Include="Image.h">
      <Filter>Header Files</Filter>
    </ClInclude>
    <ClInclude Include="light.h">
      <Filter>Header Files</Filter>
    </ClInclude>
    <ClInclude Include="log.h">
      <Filter>Header Files</Filter>
    </ClInclude>
    <ClInclude Include="lzhuf.h">
      <Filter>Header Files</Filter>
    </ClInclude>
    <ClInclude Include="motion_simulator.h">
      <Filter>Header Files</Filter>
    </ClInclude>
    <ClInclude Include="NET_Compressor.h">
      <Filter>Header Files</Filter>
    </ClInclude>
    <ClInclude Include="NET_utils.h">
      <Filter>Header Files</Filter>
    </ClInclude>
    <ClInclude Include="resource.h">
      <Filter>Header Files</Filter>
    </ClInclude>
    <ClInclude Include="StdAfx.h">
      <Filter>Header Files</Filter>
    </ClInclude>
    <ClInclude Include="std_classes.h">
      <Filter>Header Files</Filter>
    </ClInclude>
    <ClInclude Include="tga.h">
      <Filter>Header Files</Filter>
    </ClInclude>
    <ClInclude Include="vector.h">
      <Filter>Header Files</Filter>
    </ClInclude>
    <ClInclude Include="xrLevel.h">
      <Filter>Header Files</Filter>
    </ClInclude>
    <ClInclude Include="xrMessages.h">
      <Filter>Header Files</Filter>
    </ClInclude>
    <ClInclude Include="xrServer.h">
      <Filter>Header Files</Filter>
    </ClInclude>
    <ClInclude Include="xrShaderTypes.h">
      <Filter>Header Files</Filter>
    </ClInclude>
    <ClInclude Include="xrSyncronize.h">
      <Filter>Header Files</Filter>
    </ClInclude>
    <ClInclude Include="xrThread.h">
      <Filter>Header Files</Filter>
    </ClInclude>
    <ClInclude Include="xr_ini.h">
      <Filter>Header Files</Filter>
    </ClInclude>
    <ClInclude Include="xr_list.h">
      <Filter>Header Files</Filter>
    </ClInclude>
    <ClInclude Include="xr_tokens.h">
      <Filter>Header Files</Filter>
    </ClInclude>
    <ClInclude Include="xr_trims.h">
      <Filter>Header Files</Filter>
    </ClInclude>
    <ClInclude Include="_bitwise.h">
      <Filter>Header Files</Filter>
    </ClInclude>
    <ClInclude Include="_color.h">
      <Filter>Header Files</Filter>
    </ClInclude>
    <ClInclude Include="_compressed_normal.h">
      <Filter>Header Files</Filter>
    </ClInclude>
    <ClInclude Include="_d3d_extensions.h">
      <Filter>Header Files</Filter>
    </ClInclude>
    <ClInclude Include="_fbox.h">
      <Filter>Header Files</Filter>
    </ClInclude>
    <ClInclude Include="_fbox2.h">
      <Filter>Header Files</Filter>
    </ClInclude>
    <ClInclude Include="_fpoint.h">
      <Filter>Header Files</Filter>
    </ClInclude>
    <ClInclude Include="_frect.h">
      <Filter>Header Files</Filter>
    </ClInclude>
    <ClInclude Include="_intersection_quad.h">
      <Filter>Header Files</Filter>
    </ClInclude>
    <ClInclude Include="_ipoint.h">
      <Filter>Header Files</Filter>
    </ClInclude>
    <ClInclude Include="_irect.h">
      <Filter>Header Files</Filter>
    </ClInclude>
    <ClInclude Include="_math.h">
      <Filter>Header Files</Filter>
    </ClInclude>
    <ClInclude Include="_matrix.h">
      <Filter>Header Files</Filter>
    </ClInclude>
    <ClInclude Include="_matrix33.h">
      <Filter>Header Files</Filter>
    </ClInclude>
    <ClInclude Include="_obb.h">
      <Filter>Header Files</Filter>
    </ClInclude>
    <ClInclude Include="_plane.h">
      <Filter>Header Files</Filter>
    </ClInclude>
    <ClInclude Include="_quaternion.h">
      <Filter>Header Files</Filter>
    </ClInclude>
    <ClInclude Include="_random.h">
      <Filter>Header Files</Filter>
    </ClInclude>
    <ClInclude Include="_sphere.h">
      <Filter>Header Files</Filter>
    </ClInclude>
    <ClInclude Include="_std_extensions.h">
      <Filter>Header Files</Filter>
    </ClInclude>
    <ClInclude Include="_stl_extensions.h">
      <Filter>Header Files</Filter>
    </ClInclude>
    <ClInclude Include="_types.h">
      <Filter>Header Files</Filter>
    </ClInclude>
    <ClInclude Include="_vector2.h">
      <Filter>Header Files</Filter>
    </ClInclude>
    <ClInclude Include="_vector3d.h">
      <Filter>Header Files</Filter>
    </ClInclude>
    <ClInclude Include="_vector4.h">
      <Filter>Header Files</Filter>
    </ClInclude>
  </ItemGroup>
  <ItemGroup>
    <ResourceCompile Include="resource.rc">
      <Filter>Resource Files</Filter>
    </ResourceCompile>
  </ItemGroup>
</Project>